
Microsoft Visual Studio Solution File, Format Version 12.00
# Visual Studio Version 17
VisualStudioVersion = 17.7.34024.191
MinimumVisualStudioVersion = 10.0.40219.1
Project("{9A19103F-16F7-4668-BE54-9A1E7A4F7556}") = "SelTarot", "SelTarot.csproj", "{A701D024-F8DB-4C37-825E-4799BF15EBD2}"
EndProject
Project("{FAE04EC0-301F-11D3-BF4B-00C04F79EFBC}") = "SelTarot.EntityLayer", "..\SelTarot.EntityLayer\SelTarot.EntityLayer.csproj", "{56950BCD-C25D-4443-B5F7-B80C455B24E8}"
EndProject
Project("{FAE04EC0-301F-11D3-BF4B-00C04F79EFBC}") = "SelTarot.DataAccesLayer", "..\SelTarot.DataAccesLayer\SelTarot.DataAccesLayer.csproj", "{0C9EAED4-F6F8-4F68-88EB-182EDC4CFA84}"
EndProject
Project("{FAE04EC0-301F-11D3-BF4B-00C04F79EFBC}") = "SelTarot.BusinessLayer", "..\SelTarot.BusinessLayer\SelTarot.BusinessLayer.csproj", "{EB7811F2-14A4-4B72-BA35-402F2879B936}"
EndProject
Project("{FAE04EC0-301F-11D3-BF4B-00C04F79EFBC}") = "SelTarot.DtoLayer", "..\SelTarot.DtoLayer\SelTarot.DtoLayer.csproj", "{FC0E16BC-56F2-4BD9-8A38-416EB30CC70A}"
EndProject
Global
	GlobalSection(SolutionConfigurationPlatforms) = preSolution
		Debug|Any CPU = Debug|Any CPU
		Release|Any CPU = Release|Any CPU
	EndGlobalSection
	GlobalSection(ProjectConfigurationPlatforms) = postSolution
		{A701D024-F8DB-4C37-825E-4799BF15EBD2}.Debug|Any CPU.ActiveCfg = Debug|Any CPU
		{A701D024-F8DB-4C37-825E-4799BF15EBD2}.Debug|Any CPU.Build.0 = Debug|Any CPU
		{A701D024-F8DB-4C37-825E-4799BF15EBD2}.Release|Any CPU.ActiveCfg = Release|Any CPU
		{A701D024-F8DB-4C37-825E-4799BF15EBD2}.Release|Any CPU.Build.0 = Release|Any CPU
		{56950BCD-C25D-4443-B5F7-B80C455B24E8}.Debug|Any CPU.ActiveCfg = Debug|Any CPU
		{56950BCD-C25D-4443-B5F7-B80C455B24E8}.Debug|Any CPU.Build.0 = Debug|Any CPU
		{56950BCD-C25D-4443-B5F7-B80C455B24E8}.Release|Any CPU.ActiveCfg = Release|Any CPU
		{56950BCD-C25D-4443-B5F7-B80C455B24E8}.Release|Any CPU.Build.0 = Release|Any CPU
		{0C9EAED4-F6F8-4F68-88EB-182EDC4CFA84}.Debug|Any CPU.ActiveCfg = Debug|Any CPU
		{0C9EAED4-F6F8-4F68-88EB-182EDC4CFA84}.Debug|Any CPU.Build.0 = Debug|Any CPU
		{0C9EAED4-F6F8-4F68-88EB-182EDC4CFA84}.Release|Any CPU.ActiveCfg = Release|Any CPU
		{0C9EAED4-F6F8-4F68-88EB-182EDC4CFA84}.Release|Any CPU.Build.0 = Release|Any CPU
		{EB7811F2-14A4-4B72-BA35-402F2879B936}.Debug|Any CPU.ActiveCfg = Debug|Any CPU
		{EB7811F2-14A4-4B72-BA35-402F2879B936}.Debug|Any CPU.Build.0 = Debug|Any CPU
		{EB7811F2-14A4-4B72-BA35-402F2879B936}.Release|Any CPU.ActiveCfg = Release|Any CPU
		{EB7811F2-14A4-4B72-BA35-402F2879B936}.Release|Any CPU.Build.0 = Release|Any CPU
		{FC0E16BC-56F2-4BD9-8A38-416EB30CC70A}.Debug|Any CPU.ActiveCfg = Debug|Any CPU
		{FC0E16BC-56F2-4BD9-8A38-416EB30CC70A}.Debug|Any CPU.Build.0 = Debug|Any CPU
		{FC0E16BC-56F2-4BD9-8A38-416EB30CC70A}.Release|Any CPU.ActiveCfg = Release|Any CPU
		{FC0E16BC-56F2-4BD9-8A38-416EB30CC70A}.Release|Any CPU.Build.0 = Release|Any CPU
	EndGlobalSection
	GlobalSection(SolutionProperties) = preSolution
		HideSolutionNode = FALSE
	EndGlobalSection
	GlobalSection(ExtensibilityGlobals) = postSolution
		SolutionGuid = {B1227FF2-4095-48CF-AB35-BCFF32A4AD80}
	EndGlobalSection
EndGlobal
